// !$*UTF8*$!
{
	archiveVersion = 1;
	classes = {
	};
	objectVersion = 55;
	objects = {

/* Begin PBXBuildFile section */
		281419292863D4DC002BDCBC /* PlaceModel.swift in Sources */ = {isa = PBXBuildFile; fileRef = 281419282863D4DC002BDCBC /* PlaceModel.swift */; };
		2854AC2B285FA3260024FF96 /* PlacesVC.swift in Sources */ = {isa = PBXBuildFile; fileRef = 2854AC2A285FA3260024FF96 /* PlacesVC.swift */; };
		2886120F2854F00B004DFA49 /* AppDelegate.swift in Sources */ = {isa = PBXBuildFile; fileRef = 2886120E2854F00B004DFA49 /* AppDelegate.swift */; };
		288612112854F00B004DFA49 /* SceneDelegate.swift in Sources */ = {isa = PBXBuildFile; fileRef = 288612102854F00B004DFA49 /* SceneDelegate.swift */; };
		288612132854F00B004DFA49 /* SignUpVC.swift in Sources */ = {isa = PBXBuildFile; fileRef = 288612122854F00B004DFA49 /* SignUpVC.swift */; };
		288612162854F00B004DFA49 /* Main.storyboard in Resources */ = {isa = PBXBuildFile; fileRef = 288612142854F00B004DFA49 /* Main.storyboard */; };
		288612182854F00C004DFA49 /* Assets.xcassets in Resources */ = {isa = PBXBuildFile; fileRef = 288612172854F00C004DFA49 /* Assets.xcassets */; };
		2886121B2854F00C004DFA49 /* LaunchScreen.storyboard in Resources */ = {isa = PBXBuildFile; fileRef = 288612192854F00C004DFA49 /* LaunchScreen.storyboard */; };
		28EF8B642860EF4E00601548 /* AddPlaceVC.swift in Sources */ = {isa = PBXBuildFile; fileRef = 28EF8B632860EF4E00601548 /* AddPlaceVC.swift */; };
		28EF8B662860F1E500601548 /* MapVC.swift in Sources */ = {isa = PBXBuildFile; fileRef = 28EF8B652860F1E500601548 /* MapVC.swift */; };
		28EF8B682860FBB500601548 /* DetailsVC.swift in Sources */ = {isa = PBXBuildFile; fileRef = 28EF8B672860FBB500601548 /* DetailsVC.swift */; };
		F172BEFFA32839E39C6039CE /* Pods_FoursquareCloneParse.framework in Frameworks */ = {isa = PBXBuildFile; fileRef = D6B0A836E81A23E27AC1A372 /* Pods_FoursquareCloneParse.framework */; };
/* End PBXBuildFile section */

/* Begin PBXFileReference section */
		10E52CDDC7ACB1022E4A16E4 /* Pods-FoursquareCloneParse.release.xcconfig */ = {isa = PBXFileReference; includeInIndex = 1; lastKnownFileType = text.xcconfig; name = "Pods-FoursquareCloneParse.release.xcconfig"; path = "Target Support Files/Pods-FoursquareCloneParse/Pods-FoursquareCloneParse.release.xcconfig"; sourceTree = "<group>"; };
		281419282863D4DC002BDCBC /* PlaceModel.swift */ = {isa = PBXFileReference; lastKnownFileType = sourcecode.swift; path = PlaceModel.swift; sourceTree = "<group>"; };
		2854AC2A285FA3260024FF96 /* PlacesVC.swift */ = {isa = PBXFileReference; lastKnownFileType = sourcecode.swift; path = PlacesVC.swift; sourceTree = "<group>"; };
		2886120B2854F00B004DFA49 /* FoursquareCloneParse.app */ = {isa = PBXFileReference; explicitFileType = wrapper.application; includeInIndex = 0; path = FoursquareCloneParse.app; sourceTree = BUILT_PRODUCTS_DIR; };
		2886120E2854F00B004DFA49 /* AppDelegate.swift */ = {isa = PBXFileReference; lastKnownFileType = sourcecode.swift; path = AppDelegate.swift; sourceTree = "<group>"; };
		288612102854F00B004DFA49 /* SceneDelegate.swift */ = {isa = PBXFileReference; lastKnownFileType = sourcecode.swift; path = SceneDelegate.swift; sourceTree = "<group>"; };
		288612122854F00B004DFA49 /* SignUpVC.swift */ = {isa = PBXFileReference; lastKnownFileType = sourcecode.swift; path = SignUpVC.swift; sourceTree = "<group>"; };
		288612152854F00B004DFA49 /* Base */ = {isa = PBXFileReference; lastKnownFileType = file.storyboard; name = Base; path = Base.lproj/Main.storyboard; sourceTree = "<group>"; };
		288612172854F00C004DFA49 /* Assets.xcassets */ = {isa = PBXFileReference; lastKnownFileType = folder.assetcatalog; path = Assets.xcassets; sourceTree = "<group>"; };
		2886121A2854F00C004DFA49 /* Base */ = {isa = PBXFileReference; lastKnownFileType = file.storyboard; name = Base; path = Base.lproj/LaunchScreen.storyboard; sourceTree = "<group>"; };
		2886121C2854F00C004DFA49 /* Info.plist */ = {isa = PBXFileReference; lastKnownFileType = text.plist.xml; path = Info.plist; sourceTree = "<group>"; };
		28EF8B632860EF4E00601548 /* AddPlaceVC.swift */ = {isa = PBXFileReference; lastKnownFileType = sourcecode.swift; path = AddPlaceVC.swift; sourceTree = "<group>"; };
		28EF8B652860F1E500601548 /* MapVC.swift */ = {isa = PBXFileReference; lastKnownFileType = sourcecode.swift; path = MapVC.swift; sourceTree = "<group>"; };
		28EF8B672860FBB500601548 /* DetailsVC.swift */ = {isa = PBXFileReference; lastKnownFileType = sourcecode.swift; path = DetailsVC.swift; sourceTree = "<group>"; };
		D6B0A836E81A23E27AC1A372 /* Pods_FoursquareCloneParse.framework */ = {isa = PBXFileReference; explicitFileType = wrapper.framework; includeInIndex = 0; path = Pods_FoursquareCloneParse.framework; sourceTree = BUILT_PRODUCTS_DIR; };
		FF115E0A58DA6272F7F14D9A /* Pods-FoursquareCloneParse.debug.xcconfig */ = {isa = PBXFileReference; includeInIndex = 1; lastKnownFileType = text.xcconfig; name = "Pods-FoursquareCloneParse.debug.xcconfig"; path = "Target Support Files/Pods-FoursquareCloneParse/Pods-FoursquareCloneParse.debug.xcconfig"; sourceTree = "<group>"; };
/* End PBXFileReference section */

/* Begin PBXFrameworksBuildPhase section */
		288612082854F00B004DFA49 /* Frameworks */ = {
			isa = PBXFrameworksBuildPhase;
			buildActionMask = 2147483647;
			files = (
				F172BEFFA32839E39C6039CE /* Pods_FoursquareCloneParse.framework in Frameworks */,
			);
			runOnlyForDeploymentPostprocessing = 0;
		};
/* End PBXFrameworksBuildPhase section */

/* Begin PBXGroup section */
		288612022854F00B004DFA49 = {
			isa = PBXGroup;
			children = (
				2886120D2854F00B004DFA49 /* FoursquareCloneParse */,
				2886120C2854F00B004DFA49 /* Products */,
				4C534D8D76F0024F26959E89 /* Pods */,
				8F2BD62E6B571DBDF9511F7D /* Frameworks */,
			);
			sourceTree = "<group>";
		};
		2886120C2854F00B004DFA49 /* Products */ = {
			isa = PBXGroup;
			children = (
				2886120B2854F00B004DFA49 /* FoursquareCloneParse.app */,
			);
			name = Products;
			sourceTree = "<group>";
		};
		2886120D2854F00B004DFA49 /* FoursquareCloneParse */ = {
			isa = PBXGroup;
			children = (
				2886120E2854F00B004DFA49 /* AppDelegate.swift */,
				288612102854F00B004DFA49 /* SceneDelegate.swift */,
				281419282863D4DC002BDCBC /* PlaceModel.swift */,
				288612122854F00B004DFA49 /* SignUpVC.swift */,
				2854AC2A285FA3260024FF96 /* PlacesVC.swift */,
				28EF8B632860EF4E00601548 /* AddPlaceVC.swift */,
				28EF8B652860F1E500601548 /* MapVC.swift */,
				28EF8B672860FBB500601548 /* DetailsVC.swift */,
				288612142854F00B004DFA49 /* Main.storyboard */,
				288612172854F00C004DFA49 /* Assets.xcassets */,
				288612192854F00C004DFA49 /* LaunchScreen.storyboard */,
				2886121C2854F00C004DFA49 /* Info.plist */,
			);
			path = FoursquareCloneParse;
			sourceTree = "<group>";
		};
		4C534D8D76F0024F26959E89 /* Pods */ = {
			isa = PBXGroup;
			children = (
				FF115E0A58DA6272F7F14D9A /* Pods-FoursquareCloneParse.debug.xcconfig */,
				10E52CDDC7ACB1022E4A16E4 /* Pods-FoursquareCloneParse.release.xcconfig */,
			);
			path = Pods;
			sourceTree = "<group>";
		};
		8F2BD62E6B571DBDF9511F7D /* Frameworks */ = {
			isa = PBXGroup;
			children = (
				D6B0A836E81A23E27AC1A372 /* Pods_FoursquareCloneParse.framework */,
			);
			name = Frameworks;
			sourceTree = "<group>";
		};
/* End PBXGroup section */

/* Begin PBXNativeTarget section */
		2886120A2854F00B004DFA49 /* FoursquareCloneParse */ = {
			isa = PBXNativeTarget;
			buildConfigurationList = 2886121F2854F00C004DFA49 /* Build configuration list for PBXNativeTarget "FoursquareCloneParse" */;
			buildPhases = (
				3D813CDF56E0A7C55EE14437 /* [CP] Check Pods Manifest.lock */,
				288612072854F00B004DFA49 /* Sources */,
				288612082854F00B004DFA49 /* Frameworks */,
				288612092854F00B004DFA49 /* Resources */,
				C78C871AD7E00D7D7CC58DE9 /* [CP] Embed Pods Frameworks */,
			);
			buildRules = (
			);
			dependencies = (
			);
			name = FoursquareCloneParse;
			packageProductDependencies = (
			);
			productName = FoursquareCloneParse;
			productReference = 2886120B2854F00B004DFA49 /* FoursquareCloneParse.app */;
			productType = "com.apple.product-type.application";
		};
/* End PBXNativeTarget section */

/* Begin PBXProject section */
		288612032854F00B004DFA49 /* Project object */ = {
			isa = PBXProject;
			attributes = {
				BuildIndependentTargetsInParallel = 1;
				LastSwiftUpdateCheck = 1340;
				LastUpgradeCheck = 1340;
				TargetAttributes = {
					2886120A2854F00B004DFA49 = {
						CreatedOnToolsVersion = 13.4.1;
					};
				};
			};
			buildConfigurationList = 288612062854F00B004DFA49 /* Build configuration list for PBXProject "FoursquareCloneParse" */;
			compatibilityVersion = "Xcode 13.0";
			developmentRegion = en;
			hasScannedForEncodings = 0;
			knownRegions = (
				en,
				Base,
			);
			mainGroup = 288612022854F00B004DFA49;
			packageReferences = (
			);
			productRefGroup = 2886120C2854F00B004DFA49 /* Products */;
			projectDirPath = "";
			projectRoot = "";
			targets = (
				2886120A2854F00B004DFA49 /* FoursquareCloneParse */,
			);
		};
/* End PBXProject section */

/* Begin PBXResourcesBuildPhase section */
		288612092854F00B004DFA49 /* Resources */ = {
			isa = PBXResourcesBuildPhase;
			buildActionMask = 2147483647;
			files = (
				2886121B2854F00C004DFA49 /* LaunchScreen.storyboard in Resources */,
				288612182854F00C004DFA49 /* Assets.xcassets in Resources */,
				288612162854F00B004DFA49 /* Main.storyboard in Resources */,
			);
			runOnlyForDeploymentPostprocessing = 0;
		};
/* End PBXResourcesBuildPhase section */

/* Begin PBXShellScriptBuildPhase section */
		3D813CDF56E0A7C55EE14437 /* [CP] Check Pods Manifest.lock */ = {
			isa = PBXShellScriptBuildPhase;
			buildActionMask = 2147483647;
			files = (
			);
			inputFileListPaths = (
			);
			inputPaths = (
				"${PODS_PODFILE_DIR_PATH}/Podfile.lock",
				"${PODS_ROOT}/Manifest.lock",
			);
			name = "[CP] Check Pods Manifest.lock";
			outputFileListPaths = (
			);
			outputPaths = (
				"$(DERIVED_FILE_DIR)/Pods-FoursquareCloneParse-checkManifestLockResult.txt",
			);
			runOnlyForDeploymentPostprocessing = 0;
			shellPath = /bin/sh;
			shellScript = "diff \"${PODS_PODFILE_DIR_PATH}/Podfile.lock\" \"${PODS_ROOT}/Manifest.lock\" > /dev/null\nif [ $? != 0 ] ; then\n    # print error to STDERR\n    echo \"error: The sandbox is not in sync with the Podfile.lock. Run 'pod install' or update your CocoaPods installation.\" >&2\n    exit 1\nfi\n# This output is used by Xcode 'outputs' to avoid re-running this script phase.\necho \"SUCCESS\" > \"${SCRIPT_OUTPUT_FILE_0}\"\n";
			showEnvVarsInLog = 0;
		};
		C78C871AD7E00D7D7CC58DE9 /* [CP] Embed Pods Frameworks */ = {
			isa = PBXShellScriptBuildPhase;
			buildActionMask = 2147483647;
			files = (
			);
			inputFileListPaths = (
				"${PODS_ROOT}/Target Support Files/Pods-FoursquareCloneParse/Pods-FoursquareCloneParse-frameworks-${CONFIGURATION}-input-files.xcfilelist",
			);
			name = "[CP] Embed Pods Frameworks";
			outputFileListPaths = (
				"${PODS_ROOT}/Target Support Files/Pods-FoursquareCloneParse/Pods-FoursquareCloneParse-frameworks-${CONFIGURATION}-output-files.xcfilelist",
			);
			runOnlyForDeploymentPostprocessing = 0;
			shellPath = /bin/sh;
			shellScript = "\"${PODS_ROOT}/Target Support Files/Pods-FoursquareCloneParse/Pods-FoursquareCloneParse-frameworks.sh\"\n";
			showEnvVarsInLog = 0;
		};
/* End PBXShellScriptBuildPhase section */

/* Begin PBXSourcesBuildPhase section */
		288612072854F00B004DFA49 /* Sources */ = {
			isa = PBXSourcesBuildPhase;
			buildActionMask = 2147483647;
			files = (
				288612132854F00B004DFA49 /* SignUpVC.swift in Sources */,
				281419292863D4DC002BDCBC /* PlaceModel.swift in Sources */,
				28EF8B662860F1E500601548 /* MapVC.swift in Sources */,
				2886120F2854F00B004DFA49 /* AppDelegate.swift in Sources */,
				2854AC2B285FA3260024FF96 /* PlacesVC.swift in Sources */,
				28EF8B682860FBB500601548 /* DetailsVC.swift in Sources */,
				28EF8B642860EF4E00601548 /* AddPlaceVC.swift in Sources */,
				288612112854F00B004DFA49 /* SceneDelegate.swift in Sources */,
			);
			runOnlyForDeploymentPostprocessing = 0;
		};
/* End PBXSourcesBuildPhase section */

/* Begin PBXVariantGroup section */
		288612142854F00B004DFA49 /* Main.storyboard */ = {
			isa = PBXVariantGroup;
			children = (
				288612152854F00B004DFA49 /* Base */,
			);
			name = Main.storyboard;
			sourceTree = "<group>";
		};
		288612192854F00C004DFA49 /* LaunchScreen.storyboard */ = {
			isa = PBXVariantGroup;
			children = (
				2886121A2854F00C004DFA49 /* Base */,
			);
			name = LaunchScreen.storyboard;
			sourceTree = "<group>";
		};
/* End PBXVariantGroup section */

/* Begin XCBuildConfiguration section */
		2886121D2854F00C004DFA49 /* Debug */ = {
			isa = XCBuildConfiguration;
			buildSettings = {
				ALWAYS_SEARCH_USER_PATHS = NO;
				CLANG_ANALYZER_NONNULL = YES;
				CLANG_ANALYZER_NUMBER_OBJECT_CONVERSION = YES_AGGRESSIVE;
				CLANG_CXX_LANGUAGE_STANDARD = "gnu++17";
				CLANG_ENABLE_MODULES = YES;
				CLANG_ENABLE_OBJC_ARC = YES;
				CLANG_ENABLE_OBJC_WEAK = YES;
				CLANG_WARN_BLOCK_CAPTURE_AUTORELEASING = YES;
				CLANG_WARN_BOOL_CONVERSION = YES;
				CLANG_WARN_COMMA = YES;
				CLANG_WARN_CONSTANT_CONVERSION = YES;
				CLANG_WARN_DEPRECATED_OBJC_IMPLEMENTATIONS = YES;
				CLANG_WARN_DIRECT_OBJC_ISA_USAGE = YES_ERROR;
				CLANG_WARN_DOCUMENTATION_COMMENTS = YES;
				CLANG_WARN_EMPTY_BODY = YES;
				CLANG_WARN_ENUM_CONVERSION = YES;
				CLANG_WARN_INFINITE_RECURSION = YES;
				CLANG_WARN_INT_CONVERSION = YES;
				CLANG_WARN_NON_LITERAL_NULL_CONVERSION = YES;
				CLANG_WARN_OBJC_IMPLICIT_RETAIN_SELF = YES;
				CLANG_WARN_OBJC_LITERAL_CONVERSION = YES;
				CLANG_WARN_OBJC_ROOT_CLASS = YES_ERROR;
				CLANG_WARN_QUOTED_INCLUDE_IN_FRAMEWORK_HEADER = YES;
				CLANG_WARN_RANGE_LOOP_ANALYSIS = YES;
				CLANG_WARN_STRICT_PROTOTYPES = YES;
				CLANG_WARN_SUSPICIOUS_MOVE = YES;
				CLANG_WARN_UNGUARDED_AVAILABILITY = YES_AGGRESSIVE;
				CLANG_WARN_UNREACHABLE_CODE = YES;
				CLANG_WARN__DUPLICATE_METHOD_MATCH = YES;
				COPY_PHASE_STRIP = NO;
				DEBUG_INFORMATION_FORMAT = dwarf;
				ENABLE_STRICT_OBJC_MSGSEND = YES;
				ENABLE_TESTABILITY = YES;
				GCC_C_LANGUAGE_STANDARD = gnu11;
				GCC_DYNAMIC_NO_PIC = NO;
				GCC_NO_COMMON_BLOCKS = YES;
				GCC_OPTIMIZATION_LEVEL = 0;
				GCC_PREPROCESSOR_DEFINITIONS = (
					"DEBUG=1",
					"$(inherited)",
				);
				GCC_WARN_64_TO_32_BIT_CONVERSION = YES;
				GCC_WARN_ABOUT_RETURN_TYPE = YES_ERROR;
				GCC_WARN_UNDECLARED_SELECTOR = YES;
				GCC_WARN_UNINITIALIZED_AUTOS = YES_AGGRESSIVE;
				GCC_WARN_UNUSED_FUNCTION = YES;
				GCC_WARN_UNUSED_VARIABLE = YES;
				IPHONEOS_DEPLOYMENT_TARGET = 15.5;
				MTL_ENABLE_DEBUG_INFO = INCLUDE_SOURCE;
				MTL_FAST_MATH = YES;
				ONLY_ACTIVE_ARCH = YES;
				SDKROOT = iphoneos;
				SWIFT_ACTIVE_COMPILATION_CONDITIONS = DEBUG;
				SWIFT_OPTIMIZATION_LEVEL = "-Onone";
			};
			name = Debug;
		};
		2886121E2854F00C004DFA49 /* Release */ = {
			isa = XCBuildConfiguration;
			buildSettings = {
				ALWAYS_SEARCH_USER_PATHS = NO;
				CLANG_ANALYZER_NONNULL = YES;
				CLANG_ANALYZER_NUMBER_OBJECT_CONVERSION = YES_AGGRESSIVE;
				CLANG_CXX_LANGUAGE_STANDARD = "gnu++17";
				CLANG_ENABLE_MODULES = YES;
				CLANG_ENABLE_OBJC_ARC = YES;
				CLANG_ENABLE_OBJC_WEAK = YES;
				CLANG_WARN_BLOCK_CAPTURE_AUTORELEASING = YES;
				CLANG_WARN_BOOL_CONVERSION = YES;
				CLANG_WARN_COMMA = YES;
				CLANG_WARN_CONSTANT_CONVERSION = YES;
				CLANG_WARN_DEPRECATED_OBJC_IMPLEMENTATIONS = YES;
				CLANG_WARN_DIRECT_OBJC_ISA_USAGE = YES_ERROR;
				CLANG_WARN_DOCUMENTATION_COMMENTS = YES;
				CLANG_WARN_EMPTY_BODY = YES;
				CLANG_WARN_ENUM_CONVERSION = YES;
				CLANG_WARN_INFINITE_RECURSION = YES;
				CLANG_WARN_INT_CONVERSION = YES;
				CLANG_WARN_NON_LITERAL_NULL_CONVERSION = YES;
				CLANG_WARN_OBJC_IMPLICIT_RETAIN_SELF = YES;
				CLANG_WARN_OBJC_LITERAL_CONVERSION = YES;
				CLANG_WARN_OBJC_ROOT_CLASS = YES_ERROR;
				CLANG_WARN_QUOTED_INCLUDE_IN_FRAMEWORK_HEADER = YES;
				CLANG_WARN_RANGE_LOOP_ANALYSIS = YES;
				CLANG_WARN_STRICT_PROTOTYPES = YES;
				CLANG_WARN_SUSPICIOUS_MOVE = YES;
				CLANG_WARN_UNGUARDED_AVAILABILITY = YES_AGGRESSIVE;
				CLANG_WARN_UNREACHABLE_CODE = YES;
				CLANG_WARN__DUPLICATE_METHOD_MATCH = YES;
				COPY_PHASE_STRIP = NO;
				DEBUG_INFORMATION_FORMAT = "dwarf-with-dsym";
				ENABLE_NS_ASSERTIONS = NO;
				ENABLE_STRICT_OBJC_MSGSEND = YES;
				GCC_C_LANGUAGE_STANDARD = gnu11;
				GCC_NO_COMMON_BLOCKS = YES;
				GCC_WARN_64_TO_32_BIT_CONVERSION = YES;
				GCC_WARN_ABOUT_RETURN_TYPE = YES_ERROR;
				GCC_WARN_UNDECLARED_SELECTOR = YES;
				GCC_WARN_UNINITIALIZED_AUTOS = YES_AGGRESSIVE;
				GCC_WARN_UNUSED_FUNCTION = YES;
				GCC_WARN_UNUSED_VARIABLE = YES;
				IPHONEOS_DEPLOYMENT_TARGET = 15.5;
				MTL_ENABLE_DEBUG_INFO = NO;
				MTL_FAST_MATH = YES;
				SDKROOT = iphoneos;
				SWIFT_COMPILATION_MODE = wholemodule;
				SWIFT_OPTIMIZATION_LEVEL = "-O";
				VALIDATE_PRODUCT = YES;
			};
			name = Release;
		};
		288612202854F00C004DFA49 /* Debug */ = {
			isa = XCBuildConfiguration;
			baseConfigurationReference = FF115E0A58DA6272F7F14D9A /* Pods-FoursquareCloneParse.debug.xcconfig */;
			buildSettings = {
				ASSETCATALOG_COMPILER_APPICON_NAME = AppIcon;
				ASSETCATALOG_COMPILER_GLOBAL_ACCENT_COLOR_NAME = AccentColor;
				CODE_SIGN_STYLE = Automatic;
				CURRENT_PROJECT_VERSION = 1;
				DEVELOPMENT_TEAM = F8646ZCDCX;
				GENERATE_INFOPLIST_FILE = YES;
				INFOPLIST_FILE = FoursquareCloneParse/Info.plist;
				INFOPLIST_KEY_UIApplicationSupportsIndirectInputEvents = YES;
				INFOPLIST_KEY_UILaunchStoryboardName = LaunchScreen;
				INFOPLIST_KEY_UIMainStoryboardFile = Main;
				INFOPLIST_KEY_UISupportedInterfaceOrientations = UIInterfaceOrientationPortrait;
				INFOPLIST_KEY_UISupportedInterfaceOrientations_iPad = "UIInterfaceOrientationPortrait UIInterfaceOrientationPortraitUpsideDown UIInterfaceOrientationLandscapeLeft UIInterfaceOrientationLandscapeRight";
				INFOPLIST_KEY_UISupportedInterfaceOrientations_iPhone = "UIInterfaceOrientationPortrait UIInterfaceOrientationLandscapeLeft UIInterfaceOrientationLandscapeRight";
				IPHONEOS_DEPLOYMENT_TARGET = 15.5;
				LD_RUNPATH_SEARCH_PATHS = (
					"$(inherited)",
					"@executable_path/Frameworks",
				);
				MARKETING_VERSION = 1.0;
				PRODUCT_BUNDLE_IDENTIFIER = yahyagonder.FoursquareCloneParse;
				PRODUCT_NAME = "$(TARGET_NAME)";
				SWIFT_EMIT_LOC_STRINGS = YES;
				SWIFT_VERSION = 5.0;
				TARGETED_DEVICE_FAMILY = 1;
			};
			name = Debug;
		};
		288612212854F00C004DFA49 /* Release */ = {
			isa = XCBuildConfiguration;
			baseConfigurationReference = 10E52CDDC7ACB1022E4A16E4 /* Pods-FoursquareCloneParse.release.xcconfig */;
			buildSettings = {
				ASSETCATALOG_COMPILER_APPICON_NAME = AppIcon;
				ASSETCATALOG_COMPILER_GLOBAL_ACCENT_COLOR_NAME = AccentColor;
				CODE_SIGN_STYLE = Automatic;
				CURRENT_PROJECT_VERSION = 1;
				DEVELOPMENT_TEAM = F8646ZCDCX;
				GENERATE_INFOPLIST_FILE = YES;
				INFOPLIST_FILE = FoursquareCloneParse/Info.plist;
				INFOPLIST_KEY_UIApplicationSupportsIndirectInputEvents = YES;
				INFOPLIST_KEY_UILaunchStoryboardName = LaunchScreen;
				INFOPLIST_KEY_UIMainStoryboardFile = Main;
				INFOPLIST_KEY_UISupportedInterfaceOrientations = UIInterfaceOrientationPortrait;
				INFOPLIST_KEY_UISupportedInterfaceOrientations_iPad = "UIInterfaceOrientationPortrait UIInterfaceOrientationPortraitUpsideDown UIInterfaceOrientationLandscapeLeft UIInterfaceOrientationLandscapeRight";
				INFOPLIST_KEY_UISupportedInterfaceOrientations_iPhone = "UIInterfaceOrientationPortrait UIInterfaceOrientationLandscapeLeft UIInterfaceOrientationLandscapeRight";
				IPHONEOS_DEPLOYMENT_TARGET = 15.5;
				LD_RUNPATH_SEARCH_PATHS = (
					"$(inherited)",
					"@executable_path/Frameworks",
				);
				MARKETING_VERSION = 1.0;
				PRODUCT_BUNDLE_IDENTIFIER = yahyagonder.FoursquareCloneParse;
				PRODUCT_NAME = "$(TARGET_NAME)";
				SWIFT_EMIT_LOC_STRINGS = YES;
				SWIFT_VERSION = 5.0;
				TARGETED_DEVICE_FAMILY = 1;
			};
			name = Release;
		};
/* End XCBuildConfiguration section */

/* Begin XCConfigurationList section */
		288612062854F00B004DFA49 /* Build configuration list for PBXProject "FoursquareCloneParse" */ = {
			isa = XCConfigurationList;
			buildConfigurations = (
				2886121D2854F00C004DFA49 /* Debug */,
				2886121E2854F00C004DFA49 /* Release */,
			);
			defaultConfigurationIsVisible = 0;
			defaultConfigurationName = Release;
		};
		2886121F2854F00C004DFA49 /* Build configuration list for PBXNativeTarget "FoursquareCloneParse" */ = {
			isa = XCConfigurationList;
			buildConfigurations = (
				288612202854F00C004DFA49 /* Debug */,
				288612212854F00C004DFA49 /* Release */,
			);
			defaultConfigurationIsVisible = 0;
			defaultConfigurationName = Release;
		};
/* End XCConfigurationList section */
	};
	rootObject = 288612032854F00B004DFA49 /* Project object */;
}
